
Microsoft Visual Studio Solution File, Format Version 12.00
Project("{FAE04EC0-301F-11D3-BF4B-00C04F79EFBC}") = "PKMTextTranslator", "PKMTextTranslator.csproj", "{C44BCA72-B89B-4F50-8839-350DA80F06FD}"
EndProject
Global
	GlobalSection(SolutionConfigurationPlatforms) = preSolution
		Debug|Any CPU = Debug|Any CPU
		Release|Any CPU = Release|Any CPU
	EndGlobalSection
	GlobalSection(ProjectConfigurationPlatforms) = postSolution
		{C44BCA72-B89B-4F50-8839-350DA80F06FD}.Debug|Any CPU.ActiveCfg = Debug|Any CPU
		{C44BCA72-B89B-4F50-8839-350DA80F06FD}.Debug|Any CPU.Build.0 = Debug|Any CPU
		{C44BCA72-B89B-4F50-8839-350DA80F06FD}.Release|Any CPU.ActiveCfg = Release|Any CPU
		{C44BCA72-B89B-4F50-8839-350DA80F06FD}.Release|Any CPU.Build.0 = Release|Any CPU
	EndGlobalSection
EndGlobal
